
Microsoft Visual Studio Solution File, Format Version 12.00
# Visual Studio Version 17
VisualStudioVersion = 17.2.32630.192
MinimumVisualStudioVersion = 10.0.40219.1
Project("{FAE04EC0-301F-11D3-BF4B-00C04F79EFBC}") = "madlibgame_csharp", "madlibgame_csharp.csproj", "{C82F6771-E35C-4861-BF10-EE6CE2B9054F}"
EndProject
Global
	GlobalSection(SolutionConfigurationPlatforms) = preSolution
		Debug|Any CPU = Debug|Any CPU
		Release|Any CPU = Release|Any CPU
	EndGlobalSection
	GlobalSection(ProjectConfigurationPlatforms) = postSolution
		{C82F6771-E35C-4861-BF10-EE6CE2B9054F}.Debug|Any CPU.ActiveCfg = Debug|Any CPU
		{C82F6771-E35C-4861-BF10-EE6CE2B9054F}.Debug|Any CPU.Build.0 = Debug|Any CPU
		{C82F6771-E35C-4861-BF10-EE6CE2B9054F}.Release|Any CPU.ActiveCfg = Release|Any CPU
		{C82F6771-E35C-4861-BF10-EE6CE2B9054F}.Release|Any CPU.Build.0 = Release|Any CPU
	EndGlobalSection
	GlobalSection(SolutionProperties) = preSolution
		HideSolutionNode = FALSE
	EndGlobalSection
	GlobalSection(ExtensibilityGlobals) = postSolution
		SolutionGuid = {AA74CD95-EE5F-46FE-AB9A-654512AC6D01}
	EndGlobalSection
EndGlobal
